
Microsoft Visual Studio Solution File, Format Version 12.00
# Visual Studio Version 17
VisualStudioVersion = 17.11.35327.3
MinimumVisualStudioVersion = 10.0.40219.1
Project("{FAE04EC0-301F-11D3-BF4B-00C04F79EFBC}") = "MemoryBook-rk", "MemoryBook-rk\MemoryBook-rk.csproj", "{6AE3F8AD-20DD-4ADA-9A44-2F4D9E1C029B}"
EndProject
Global
	GlobalSection(SolutionConfigurationPlatforms) = preSolution
		Debug|Any CPU = Debug|Any CPU
		Release|Any CPU = Release|Any CPU
	EndGlobalSection
	GlobalSection(ProjectConfigurationPlatforms) = postSolution
		{6AE3F8AD-20DD-4ADA-9A44-2F4D9E1C029B}.Debug|Any CPU.ActiveCfg = Debug|Any CPU
		{6AE3F8AD-20DD-4ADA-9A44-2F4D9E1C029B}.Debug|Any CPU.Build.0 = Debug|Any CPU
		{6AE3F8AD-20DD-4ADA-9A44-2F4D9E1C029B}.Release|Any CPU.ActiveCfg = Release|Any CPU
		{6AE3F8AD-20DD-4ADA-9A44-2F4D9E1C029B}.Release|Any CPU.Build.0 = Release|Any CPU
	EndGlobalSection
	GlobalSection(SolutionProperties) = preSolution
		HideSolutionNode = FALSE
	EndGlobalSection
	GlobalSection(ExtensibilityGlobals) = postSolution
		SolutionGuid = {0757D27B-4BA9-4DBE-8E7C-E62E4F6D67C5}
	EndGlobalSection
EndGlobal
